
Microsoft Visual Studio Solution File, Format Version 12.00
# Visual Studio Version 17
VisualStudioVersion = 17.7.34202.233
MinimumVisualStudioVersion = 10.0.40219.1
Project("{FAE04EC0-301F-11D3-BF4B-00C04F79EFBC}") = "Blocdenotas", "Blocdenotas\Blocdenotas.csproj", "{99172B9D-BAD0-43D3-A16C-F95307697090}"
EndProject
Global
	GlobalSection(SolutionConfigurationPlatforms) = preSolution
		Debug|Any CPU = Debug|Any CPU
		Release|Any CPU = Release|Any CPU
	EndGlobalSection
	GlobalSection(ProjectConfigurationPlatforms) = postSolution
		{99172B9D-BAD0-43D3-A16C-F95307697090}.Debug|Any CPU.ActiveCfg = Debug|Any CPU
		{99172B9D-BAD0-43D3-A16C-F95307697090}.Debug|Any CPU.Build.0 = Debug|Any CPU
		{99172B9D-BAD0-43D3-A16C-F95307697090}.Release|Any CPU.ActiveCfg = Release|Any CPU
		{99172B9D-BAD0-43D3-A16C-F95307697090}.Release|Any CPU.Build.0 = Release|Any CPU
	EndGlobalSection
	GlobalSection(SolutionProperties) = preSolution
		HideSolutionNode = FALSE
	EndGlobalSection
	GlobalSection(ExtensibilityGlobals) = postSolution
		SolutionGuid = {BCB09BA5-F8D3-43B3-8930-214D93051AEA}
	EndGlobalSection
EndGlobal
